
Microsoft Visual Studio Solution File, Format Version 12.00
# Visual Studio Version 17
VisualStudioVersion = 17.5.33502.453
MinimumVisualStudioVersion = 10.0.40219.1
Project("{9A19103F-16F7-4668-BE54-9A1E7A4F7556}") = "GerarHtml", "GerarHtml\GerarHtml.csproj", "{09E9F599-9A68-4765-9B3D-8016B8447145}"
EndProject
Global
	GlobalSection(SolutionConfigurationPlatforms) = preSolution
		Debug|Any CPU = Debug|Any CPU
		Release|Any CPU = Release|Any CPU
	EndGlobalSection
	GlobalSection(ProjectConfigurationPlatforms) = postSolution
		{09E9F599-9A68-4765-9B3D-8016B8447145}.Debug|Any CPU.ActiveCfg = Debug|Any CPU
		{09E9F599-9A68-4765-9B3D-8016B8447145}.Debug|Any CPU.Build.0 = Debug|Any CPU
		{09E9F599-9A68-4765-9B3D-8016B8447145}.Release|Any CPU.ActiveCfg = Release|Any CPU
		{09E9F599-9A68-4765-9B3D-8016B8447145}.Release|Any CPU.Build.0 = Release|Any CPU
	EndGlobalSection
	GlobalSection(SolutionProperties) = preSolution
		HideSolutionNode = FALSE
	EndGlobalSection
	GlobalSection(ExtensibilityGlobals) = postSolution
		SolutionGuid = {66143BAD-90F3-4BEF-8740-63D9E0AA216B}
	EndGlobalSection
EndGlobal
